# This file is automatically @generated by Cargo.
# It is not intended for manual editing.
version = 4

[[package]]
name = "veil-cli"
version = "0.1.0"

[[package]]
name = "veil-detect"
version = "0.1.0"
dependencies = [
 "veil-domain",
 "veil-extract",
 "veil-policy",
]

[[package]]
name = "veil-domain"
version = "0.1.0"

[[package]]
name = "veil-evidence"
version = "0.1.0"
dependencies = [
 "veil-domain",
 "veil-verify",
]

[[package]]
name = "veil-extract"
version = "0.1.0"
dependencies = [
 "veil-domain",
]

[[package]]
name = "veil-policy"
version = "0.1.0"
dependencies = [
 "veil-domain",
]

[[package]]
name = "veil-transform"
version = "0.1.0"
dependencies = [
 "veil-detect",
 "veil-domain",
 "veil-extract",
 "veil-policy",
]

[[package]]
name = "veil-verify"
version = "0.1.0"
dependencies = [
 "veil-detect",
 "veil-domain",
]
